
Microsoft Visual Studio Solution File, Format Version 12.00
# Visual Studio 15
VisualStudioVersion = 15.0.28010.2003
MinimumVisualStudioVersion = 10.0.40219.1
Project("{FAE04EC0-301F-11D3-BF4B-00C04F79EFBC}") = "TEST_REV_1", "TEST_REV_1\TEST_REV_1.csproj", "{D973F2DD-3C93-4CE9-B9E9-34DBB3236BF8}"
EndProject
Global
	GlobalSection(SolutionConfigurationPlatforms) = preSolution
		Debug|Any CPU = Debug|Any CPU
		Release|Any CPU = Release|Any CPU
	EndGlobalSection
	GlobalSection(ProjectConfigurationPlatforms) = postSolution
		{D973F2DD-3C93-4CE9-B9E9-34DBB3236BF8}.Debug|Any CPU.ActiveCfg = Debug|Any CPU
		{D973F2DD-3C93-4CE9-B9E9-34DBB3236BF8}.Debug|Any CPU.Build.0 = Debug|Any CPU
		{D973F2DD-3C93-4CE9-B9E9-34DBB3236BF8}.Release|Any CPU.ActiveCfg = Release|Any CPU
		{D973F2DD-3C93-4CE9-B9E9-34DBB3236BF8}.Release|Any CPU.Build.0 = Release|Any CPU
	EndGlobalSection
	GlobalSection(SolutionProperties) = preSolution
		HideSolutionNode = FALSE
	EndGlobalSection
	GlobalSection(ExtensibilityGlobals) = postSolution
		SolutionGuid = {EFEF24F6-E3CC-403A-AD83-EC07DF5E270D}
	EndGlobalSection
EndGlobal
